
Microsoft Visual Studio Solution File, Format Version 12.00
# Visual Studio 2013
VisualStudioVersion = 12.0.31101.0
MinimumVisualStudioVersion = 10.0.40219.1
Project("{8BC9CEB8-8B4A-11D0-8D11-00A0C91BC942}") = "VisualisationInterface", "solutions\VisualisationInterface\VisualisationInterface.vcxproj", "{81D853FF-41B7-4E14-8506-945020B37E2A}"
EndProject
Project("{8BC9CEB8-8B4A-11D0-8D11-00A0C91BC942}") = "neptunePhysics", "solutions\NeptunePhysics\NeptunePhysics.vcxproj", "{FD4E152F-8E0F-4261-8AE7-AD277D26AA98}"
EndProject
Global
	GlobalSection(SolutionConfigurationPlatforms) = preSolution
		Debug|Any CPU = Debug|Any CPU
		Debug|ARM = Debug|ARM
		Debug|Mixed Platforms = Debug|Mixed Platforms
		Debug|Win32 = Debug|Win32
		Debug|x64 = Debug|x64
		Release|Any CPU = Release|Any CPU
		Release|ARM = Release|ARM
		Release|Mixed Platforms = Release|Mixed Platforms
		Release|Win32 = Release|Win32
		Release|x64 = Release|x64
	EndGlobalSection
	GlobalSection(ProjectConfigurationPlatforms) = postSolution
		{81D853FF-41B7-4E14-8506-945020B37E2A}.Debug|Any CPU.ActiveCfg = Debug|Win32
		{81D853FF-41B7-4E14-8506-945020B37E2A}.Debug|ARM.ActiveCfg = Debug|Win32
		{81D853FF-41B7-4E14-8506-945020B37E2A}.Debug|Mixed Platforms.ActiveCfg = Debug|Win32
		{81D853FF-41B7-4E14-8506-945020B37E2A}.Debug|Mixed Platforms.Build.0 = Debug|Win32
		{81D853FF-41B7-4E14-8506-945020B37E2A}.Debug|Win32.ActiveCfg = Debug|Win32
		{81D853FF-41B7-4E14-8506-945020B37E2A}.Debug|Win32.Build.0 = Debug|Win32
		{81D853FF-41B7-4E14-8506-945020B37E2A}.Debug|x64.ActiveCfg = Debug|Win32
		{81D853FF-41B7-4E14-8506-945020B37E2A}.Release|Any CPU.ActiveCfg = Release|Win32
		{81D853FF-41B7-4E14-8506-945020B37E2A}.Release|Any CPU.Build.0 = Release|Win32
		{81D853FF-41B7-4E14-8506-945020B37E2A}.Release|ARM.ActiveCfg = Release|Win32
		{81D853FF-41B7-4E14-8506-945020B37E2A}.Release|Mixed Platforms.ActiveCfg = Release|Win32
		{81D853FF-41B7-4E14-8506-945020B37E2A}.Release|Mixed Platforms.Build.0 = Release|Win32
		{81D853FF-41B7-4E14-8506-945020B37E2A}.Release|Win32.ActiveCfg = Release|Win32
		{81D853FF-41B7-4E14-8506-945020B37E2A}.Release|Win32.Build.0 = Release|Win32
		{81D853FF-41B7-4E14-8506-945020B37E2A}.Release|x64.ActiveCfg = Release|Win32
		{FD4E152F-8E0F-4261-8AE7-AD277D26AA98}.Debug|Any CPU.ActiveCfg = Debug|Win32
		{FD4E152F-8E0F-4261-8AE7-AD277D26AA98}.Debug|ARM.ActiveCfg = Debug|Win32
		{FD4E152F-8E0F-4261-8AE7-AD277D26AA98}.Debug|Mixed Platforms.ActiveCfg = Debug|Win32
		{FD4E152F-8E0F-4261-8AE7-AD277D26AA98}.Debug|Mixed Platforms.Build.0 = Debug|Win32
		{FD4E152F-8E0F-4261-8AE7-AD277D26AA98}.Debug|Win32.ActiveCfg = Debug|Win32
		{FD4E152F-8E0F-4261-8AE7-AD277D26AA98}.Debug|Win32.Build.0 = Debug|Win32
		{FD4E152F-8E0F-4261-8AE7-AD277D26AA98}.Debug|x64.ActiveCfg = Debug|Win32
		{FD4E152F-8E0F-4261-8AE7-AD277D26AA98}.Release|Any CPU.ActiveCfg = Release|Win32
		{FD4E152F-8E0F-4261-8AE7-AD277D26AA98}.Release|ARM.ActiveCfg = Release|Win32
		{FD4E152F-8E0F-4261-8AE7-AD277D26AA98}.Release|Mixed Platforms.ActiveCfg = Release|Win32
		{FD4E152F-8E0F-4261-8AE7-AD277D26AA98}.Release|Mixed Platforms.Build.0 = Release|Win32
		{FD4E152F-8E0F-4261-8AE7-AD277D26AA98}.Release|Win32.ActiveCfg = Release|Win32
		{FD4E152F-8E0F-4261-8AE7-AD277D26AA98}.Release|Win32.Build.0 = Release|Win32
		{FD4E152F-8E0F-4261-8AE7-AD277D26AA98}.Release|x64.ActiveCfg = Release|Win32
	EndGlobalSection
	GlobalSection(SolutionProperties) = preSolution
		HideSolutionNode = FALSE
	EndGlobalSection
EndGlobal
