<?xml version="1.0" encoding="utf-8"?>
<Project ToolsVersion="4.0" xmlns="http://schemas.microsoft.com/developer/msbuild/2003">
  <ItemGroup>
    <Filter Include="Source">
      <UniqueIdentifier>{b25f7e1e-3ccc-44e5-bb13-1cfdc3d2b443}</UniqueIdentifier>
    </Filter>
    <Filter Include="Source\Core">
      <UniqueIdentifier>{baa62d44-8c32-40da-afe9-d444988ead6b}</UniqueIdentifier>
    </Filter>
    <Filter Include="Source\Collision">
      <UniqueIdentifier>{ec2cacdf-c86c-4f82-81ec-efa4d3d2077f}</UniqueIdentifier>
    </Filter>
    <Filter Include="Source\Core\Ballistics">
      <UniqueIdentifier>{911d657b-db3c-436a-b7a0-c1a52ff1ad62}</UniqueIdentifier>
    </Filter>
    <Filter Include="Source\Core\Particles">
      <UniqueIdentifier>{b6118f17-d3ab-485f-9e5f-f7f0e61f725c}</UniqueIdentifier>
    </Filter>
    <Filter Include="Source\Core\Math">
      <UniqueIdentifier>{55232700-9dab-43a6-a6e5-af54afc09e6d}</UniqueIdentifier>
    </Filter>
  </ItemGroup>
  <ItemGroup>
    <ClCompile Include="..\..\src\kernel\cpp\collisionHandler.cpp">
      <Filter>Source\Collision</Filter>
    </ClCompile>
    <ClCompile Include="..\..\src\kernel\cpp\ballistic.cpp">
      <Filter>Source\Core\Ballistics</Filter>
    </ClCompile>
    <ClCompile Include="..\..\src\kernel\cpp\particle.cpp">
      <Filter>Source\Core\Particles</Filter>
    </ClCompile>
  </ItemGroup>
  <ItemGroup>
    <ClInclude Include="..\..\src\kernel\h\collisionHandler.h">
      <Filter>Source\Collision</Filter>
    </ClInclude>
    <ClInclude Include="..\..\src\kernel\h\ballistic.h">
      <Filter>Source\Core\Ballistics</Filter>
    </ClInclude>
    <ClInclude Include="..\..\src\kernel\h\core.hpp">
      <Filter>Source\Core\Math</Filter>
    </ClInclude>
    <ClInclude Include="..\..\src\kernel\h\particle.hpp">
      <Filter>Source\Core\Particles</Filter>
    </ClInclude>
    <ClInclude Include="..\..\src\kernel\h\precision.hpp">
      <Filter>Source\Core\Math</Filter>
    </ClInclude>
  </ItemGroup>
</Project>