<?xml version="1.0" encoding="utf-8"?>
<Project ToolsVersion="4.0" xmlns="http://schemas.microsoft.com/developer/msbuild/2003">
  <ItemGroup>
    <Filter Include="Tests">
      <UniqueIdentifier>{4FC737F1-C7A5-4376-A066-2A32D752A2FF}</UniqueIdentifier>
      <Extensions>cpp;c;cc;cxx;def;odl;idl;hpj;bat;asm;asmx</Extensions>
    </Filter>
    <Filter Include="Tests\Math">
      <UniqueIdentifier>{80fabf60-7533-4006-81c4-b0002eb9f627}</UniqueIdentifier>
    </Filter>
    <Filter Include="Tests\Collision">
      <UniqueIdentifier>{11aaaa60-ef19-4c3e-8ac3-659fbe0287a1}</UniqueIdentifier>
    </Filter>
  </ItemGroup>
  <ItemGroup>
    <ClCompile Include="npMatrix3_Test.cpp">
      <Filter>Tests\Math</Filter>
    </ClCompile>
    <ClCompile Include="npMatrix4_Test.cpp">
      <Filter>Tests\Math</Filter>
    </ClCompile>
    <ClCompile Include="npTransform_Test.cpp">
      <Filter>Tests\Math</Filter>
    </ClCompile>
    <ClCompile Include="npVector_Test.cpp">
      <Filter>Tests\Math</Filter>
    </ClCompile>
    <ClCompile Include="npNarrowSearch_Test.cpp">
      <Filter>Tests\Collision</Filter>
    </ClCompile>
  </ItemGroup>
</Project>