<?xml version="1.0" encoding="utf-8"?>
<Project ToolsVersion="4.0" xmlns="http://schemas.microsoft.com/developer/msbuild/2003">
  <ItemGroup>
    <Filter Include="Shader Files">
      <UniqueIdentifier>{67DA6AB6-F800-4c08-8B7A-83BB121AAD01}</UniqueIdentifier>
      <Extensions>rc;ico;cur;bmp;dlg;rc2;rct;bin;rgs;gif;jpg;jpeg;jpe;resx;tiff;tif;png;wav;mfcribbon-ms</Extensions>
    </Filter>
    <Filter Include="Shader Files\Models">
      <UniqueIdentifier>{b9b25482-0210-4820-ba8c-04b708fcc4e0}</UniqueIdentifier>
    </Filter>
    <Filter Include="Shader Files\DrawableBVs">
      <UniqueIdentifier>{6b746cd3-d59b-46f5-8753-db093d28b282}</UniqueIdentifier>
    </Filter>
    <Filter Include="Utils">
      <UniqueIdentifier>{7b0c8c8e-8932-4c43-b4db-5cb6270cd3df}</UniqueIdentifier>
    </Filter>
    <Filter Include="Models">
      <UniqueIdentifier>{8470ebf9-3df5-4677-8b2f-f288880a5805}</UniqueIdentifier>
    </Filter>
    <Filter Include="RenderEngine">
      <UniqueIdentifier>{32ad938f-1d9b-4734-bd82-17a8cd06a8a0}</UniqueIdentifier>
    </Filter>
    <Filter Include="Shaders">
      <UniqueIdentifier>{215bc687-ee62-4840-84b2-2acff206085c}</UniqueIdentifier>
    </Filter>
    <Filter Include="Textures">
      <UniqueIdentifier>{e176afdf-ab66-4171-a393-04d20432a8fb}</UniqueIdentifier>
    </Filter>
    <Filter Include="Entities">
      <UniqueIdentifier>{cf906c83-022b-438d-94f4-1c7809117203}</UniqueIdentifier>
    </Filter>
  </ItemGroup>
  <ItemGroup>
    <ClInclude Include="DrawableBV.h">
      <Filter>Models</Filter>
    </ClInclude>
    <ClInclude Include="DisplayManager.h">
      <Filter>RenderEngine</Filter>
    </ClInclude>
    <ClInclude Include="ObjectLoader.h">
      <Filter>RenderEngine</Filter>
    </ClInclude>
    <ClInclude Include="Renderer.h">
      <Filter>RenderEngine</Filter>
    </ClInclude>
    <ClInclude Include="ContainerHelper.hpp">
      <Filter>Utils</Filter>
    </ClInclude>
    <ClInclude Include="TextureLoader.h">
      <Filter>Textures</Filter>
    </ClInclude>
    <ClInclude Include="Camera.h">
      <Filter>Entities</Filter>
    </ClInclude>
    <ClInclude Include="ModelShader.h">
      <Filter>Shaders</Filter>
    </ClInclude>
    <ClInclude Include="FileManager.h">
      <Filter>Utils</Filter>
    </ClInclude>
    <ClInclude Include="ShaderProgram.h">
      <Filter>Shaders</Filter>
    </ClInclude>
    <ClInclude Include="main.h" />
  </ItemGroup>
  <ItemGroup>
    <ClCompile Include="Camera.cpp">
      <Filter>Entities</Filter>
    </ClCompile>
    <ClCompile Include="DrawableBV.cpp">
      <Filter>Models</Filter>
    </ClCompile>
    <ClCompile Include="DisplayManager.cpp">
      <Filter>RenderEngine</Filter>
    </ClCompile>
    <ClCompile Include="ObjectLoader.cpp">
      <Filter>RenderEngine</Filter>
    </ClCompile>
    <ClCompile Include="Renderer.cpp">
      <Filter>RenderEngine</Filter>
    </ClCompile>
    <ClCompile Include="ModelShader.cpp">
      <Filter>Shaders</Filter>
    </ClCompile>
    <ClCompile Include="ShaderProgram.cpp">
      <Filter>Shaders</Filter>
    </ClCompile>
    <ClCompile Include="TextureLoader.cpp">
      <Filter>Textures</Filter>
    </ClCompile>
    <ClCompile Include="main.cpp" />
  </ItemGroup>
  <ItemGroup>
    <None Include="shaders\BVfragmentShader.frag">
      <Filter>Shader Files\DrawableBVs</Filter>
    </None>
    <None Include="shaders\vertexShader.vert">
      <Filter>Shader Files\Models</Filter>
    </None>
    <None Include="shaders\fragmentShader.frag">
      <Filter>Shader Files\Models</Filter>
    </None>
    <None Include="shaders\BVvertexShader.vert">
      <Filter>Shader Files\DrawableBVs</Filter>
    </None>
  </ItemGroup>
</Project>